
Microsoft Visual Studio Solution File, Format Version 12.00
Project("{FAE04EC0-301F-11D3-BF4B-00C04F79EFBC}") = "AssignmentAPI", "AssignmentAPI\AssignmentAPI.csproj", "{90E2D8C7-6C03-47BB-BCF6-6A70D70180D0}"
EndProject
Project("{FAE04EC0-301F-11D3-BF4B-00C04F79EFBC}") = "DataAccessLayer", "DataAccessLayer\DataAccessLayer.csproj", "{6F3452CB-8CDE-4884-85E2-B2B6DAD2E5A1}"
EndProject
Project("{FAE04EC0-301F-11D3-BF4B-00C04F79EFBC}") = "Infrastructure", "Infrastructure\Infrastructure.csproj", "{7D266E03-F3E4-4D0A-8CC5-6A625668CE46}"
EndProject
Project("{FAE04EC0-301F-11D3-BF4B-00C04F79EFBC}") = "DomainModel", "DomainModel\DomainModel.csproj", "{DD1D0888-FB58-42FB-ACF3-47766BDE27DF}"
EndProject
Global
	GlobalSection(SolutionConfigurationPlatforms) = preSolution
		Debug|Any CPU = Debug|Any CPU
		Release|Any CPU = Release|Any CPU
	EndGlobalSection
	GlobalSection(ProjectConfigurationPlatforms) = postSolution
		{90E2D8C7-6C03-47BB-BCF6-6A70D70180D0}.Debug|Any CPU.ActiveCfg = Debug|Any CPU
		{90E2D8C7-6C03-47BB-BCF6-6A70D70180D0}.Debug|Any CPU.Build.0 = Debug|Any CPU
		{90E2D8C7-6C03-47BB-BCF6-6A70D70180D0}.Release|Any CPU.ActiveCfg = Release|Any CPU
		{90E2D8C7-6C03-47BB-BCF6-6A70D70180D0}.Release|Any CPU.Build.0 = Release|Any CPU
		{6F3452CB-8CDE-4884-85E2-B2B6DAD2E5A1}.Debug|Any CPU.ActiveCfg = Debug|Any CPU
		{6F3452CB-8CDE-4884-85E2-B2B6DAD2E5A1}.Debug|Any CPU.Build.0 = Debug|Any CPU
		{6F3452CB-8CDE-4884-85E2-B2B6DAD2E5A1}.Release|Any CPU.ActiveCfg = Release|Any CPU
		{6F3452CB-8CDE-4884-85E2-B2B6DAD2E5A1}.Release|Any CPU.Build.0 = Release|Any CPU
		{7D266E03-F3E4-4D0A-8CC5-6A625668CE46}.Debug|Any CPU.ActiveCfg = Debug|Any CPU
		{7D266E03-F3E4-4D0A-8CC5-6A625668CE46}.Debug|Any CPU.Build.0 = Debug|Any CPU
		{7D266E03-F3E4-4D0A-8CC5-6A625668CE46}.Release|Any CPU.ActiveCfg = Release|Any CPU
		{7D266E03-F3E4-4D0A-8CC5-6A625668CE46}.Release|Any CPU.Build.0 = Release|Any CPU
		{DD1D0888-FB58-42FB-ACF3-47766BDE27DF}.Debug|Any CPU.ActiveCfg = Debug|Any CPU
		{DD1D0888-FB58-42FB-ACF3-47766BDE27DF}.Debug|Any CPU.Build.0 = Debug|Any CPU
		{DD1D0888-FB58-42FB-ACF3-47766BDE27DF}.Release|Any CPU.ActiveCfg = Release|Any CPU
		{DD1D0888-FB58-42FB-ACF3-47766BDE27DF}.Release|Any CPU.Build.0 = Release|Any CPU
	EndGlobalSection
EndGlobal
